
Microsoft Visual Studio Solution File, Format Version 12.00
# Visual Studio Version 17
VisualStudioVersion = 17.5.002.0
MinimumVisualStudioVersion = 10.0.40219.1
Project("{9A19103F-16F7-4668-BE54-9A1E7A4F7556}") = "spidergame", "spidergame\spidergame.csproj", "{076F2C66-5C87-4597-BB44-7355F6153200}"
EndProject
Global
	GlobalSection(SolutionConfigurationPlatforms) = preSolution
		Debug|Any CPU = Debug|Any CPU
		Release|Any CPU = Release|Any CPU
	EndGlobalSection
	GlobalSection(ProjectConfigurationPlatforms) = postSolution
		{076F2C66-5C87-4597-BB44-7355F6153200}.Debug|Any CPU.ActiveCfg = Debug|Any CPU
		{076F2C66-5C87-4597-BB44-7355F6153200}.Debug|Any CPU.Build.0 = Debug|Any CPU
		{076F2C66-5C87-4597-BB44-7355F6153200}.Release|Any CPU.ActiveCfg = Release|Any CPU
		{076F2C66-5C87-4597-BB44-7355F6153200}.Release|Any CPU.Build.0 = Release|Any CPU
	EndGlobalSection
	GlobalSection(SolutionProperties) = preSolution
		HideSolutionNode = FALSE
	EndGlobalSection
	GlobalSection(ExtensibilityGlobals) = postSolution
		SolutionGuid = {FE649231-FE02-42F4-934D-FB5A217A967A}
	EndGlobalSection
EndGlobal
